
Microsoft Visual Studio Solution File, Format Version 12.00
# Visual Studio Version 16
VisualStudioVersion = 16.0.30011.22
MinimumVisualStudioVersion = 10.0.40219.1
Project("{FAE04EC0-301F-11D3-BF4B-00C04F79EFBC}") = "csharp_lab8", "csharp_lab8\csharp_lab8.csproj", "{0237772D-0FB4-4B48-B62F-8D6C14851695}"
EndProject
Global
	GlobalSection(SolutionConfigurationPlatforms) = preSolution
		Debug|Any CPU = Debug|Any CPU
		Release|Any CPU = Release|Any CPU
	EndGlobalSection
	GlobalSection(ProjectConfigurationPlatforms) = postSolution
		{0237772D-0FB4-4B48-B62F-8D6C14851695}.Debug|Any CPU.ActiveCfg = Debug|Any CPU
		{0237772D-0FB4-4B48-B62F-8D6C14851695}.Debug|Any CPU.Build.0 = Debug|Any CPU
		{0237772D-0FB4-4B48-B62F-8D6C14851695}.Release|Any CPU.ActiveCfg = Release|Any CPU
		{0237772D-0FB4-4B48-B62F-8D6C14851695}.Release|Any CPU.Build.0 = Release|Any CPU
	EndGlobalSection
	GlobalSection(SolutionProperties) = preSolution
		HideSolutionNode = FALSE
	EndGlobalSection
	GlobalSection(ExtensibilityGlobals) = postSolution
		SolutionGuid = {1785CF60-E08A-41C0-AA13-B793AD51C679}
	EndGlobalSection
EndGlobal
